<?xml version="1.0" encoding="utf-8"?>
<Project ToolsVersion="4.0" xmlns="http://schemas.microsoft.com/developer/msbuild/2003">
  <ItemGroup>
    <Filter Include="Source Files">
      <UniqueIdentifier>{4FC737F1-C7A5-4376-A066-2A32D752A2FF}</UniqueIdentifier>
      <Extensions>cpp;c;cc;cxx;def;odl;idl;hpj;bat;asm;asmx</Extensions>
    </Filter>
    <Filter Include="Header Files">
      <UniqueIdentifier>{93995380-89BD-4b04-88EB-625FBE52EBFB}</UniqueIdentifier>
      <Extensions>h;hh;hpp;hxx;hm;inl;inc;xsd</Extensions>
    </Filter>
    <Filter Include="Resource Files">
      <UniqueIdentifier>{67DA6AB6-F800-4c08-8B7A-83BB121AAD01}</UniqueIdentifier>
      <Extensions>rc;ico;cur;bmp;dlg;rc2;rct;bin;rgs;gif;jpg;jpeg;jpe;resx;tiff;tif;png;wav;mfcribbon-ms</Extensions>
    </Filter>
    <Filter Include="Header Files\Debugging">
      <UniqueIdentifier>{9a93ab0d-25a0-4128-8e0f-0a7a4b2c0f5a}</UniqueIdentifier>
    </Filter>
    <Filter Include="Source Files\Debugging">
      <UniqueIdentifier>{e0cf594e-41fd-48fd-ab6c-67049a255928}</UniqueIdentifier>
    </Filter>
    <Filter Include="Header Files\EffectEditor">
      <UniqueIdentifier>{d319e943-f5ba-4dc2-9e46-e9b645fd4a47}</UniqueIdentifier>
    </Filter>
    <Filter Include="Source Files\EffectEditor">
      <UniqueIdentifier>{07036757-737a-45b2-8940-9eb761077348}</UniqueIdentifier>
    </Filter>
    <Filter Include="Source Files\Cheats">
      <UniqueIdentifier>{1706ad83-c10d-4af7-acb2-2505895f4b33}</UniqueIdentifier>
    </Filter>
    <Filter Include="Header Files\Cheats">
      <UniqueIdentifier>{2abfdd04-db3d-4c09-8b22-7be729daf3d2}</UniqueIdentifier>
    </Filter>
    <Filter Include="Header Files\Testing">
      <UniqueIdentifier>{2bdf5fd0-6463-40ab-b167-d4b4697ba4ef}</UniqueIdentifier>
    </Filter>
    <Filter Include="Source Files\Testing">
      <UniqueIdentifier>{c5aa3163-5950-4022-a9ec-dea332ccdd39}</UniqueIdentifier>
    </Filter>
  </ItemGroup>
  <ItemGroup>
    <Text Include="ReadMe.txt" />
  </ItemGroup>
  <ItemGroup>
    <ClInclude Include="stdafx.h">
      <Filter>Header Files</Filter>
    </ClInclude>
    <ClInclude Include="targetver.h">
      <Filter>Header Files</Filter>
    </ClInclude>
    <ClInclude Include="Debugging.h">
      <Filter>Header Files\Debugging</Filter>
    </ClInclude>
    <ClInclude Include="DebugInformation.h">
      <Filter>Header Files\Debugging</Filter>
    </ClInclude>
    <ClInclude Include="FilePFRecord.h">
      <Filter>Header Files</Filter>
    </ClInclude>
    <ClInclude Include="ContextCheat.h">
      <Filter>Header Files\Cheats</Filter>
    </ClInclude>
    <ClInclude Include="Cheats.h">
      <Filter>Header Files\Cheats</Filter>
    </ClInclude>
    <ClInclude Include="resource.h">
      <Filter>Header Files</Filter>
    </ClInclude>
    <ClInclude Include="CustomDrawable.h">
      <Filter>Header Files</Filter>
    </ClInclude>
    <ClInclude Include="EffectsCheat.h">
      <Filter>Header Files\Cheats</Filter>
    </ClInclude>
    <ClInclude Include="TestMode.h">
      <Filter>Header Files\Testing</Filter>
    </ClInclude>
    <ClInclude Include="EffectEditorMode.h">
      <Filter>Header Files\EffectEditor</Filter>
    </ClInclude>
    <ClInclude Include="EffectEditorCheat.h">
      <Filter>Header Files\EffectEditor</Filter>
    </ClInclude>
    <ClInclude Include="DetouredDBPF.h">
      <Filter>Header Files\Debugging</Filter>
    </ClInclude>
    <ClInclude Include="DetouredResourceManager.h">
      <Filter>Header Files\Debugging</Filter>
    </ClInclude>
    <ClInclude Include="DetouredSwarmManager.h">
      <Filter>Header Files\EffectEditor</Filter>
    </ClInclude>
    <ClInclude Include="AddressCheat.h">
      <Filter>Header Files</Filter>
    </ClInclude>
    <ClInclude Include="ThumbnailCaptureScript.h">
      <Filter>Header Files</Filter>
    </ClInclude>
  </ItemGroup>
  <ItemGroup>
    <ClCompile Include="stdafx.cpp">
      <Filter>Source Files</Filter>
    </ClCompile>
    <ClCompile Include="Spore ModAPI Development Template.cpp">
      <Filter>Source Files</Filter>
    </ClCompile>
    <ClCompile Include="dllmain.cpp">
      <Filter>Source Files</Filter>
    </ClCompile>
    <ClCompile Include="Debugging.cpp">
      <Filter>Source Files\Debugging</Filter>
    </ClCompile>
    <ClCompile Include="DebugInformation.cpp">
      <Filter>Source Files\Debugging</Filter>
    </ClCompile>
    <ClCompile Include="FilePFRecord.cpp">
      <Filter>Source Files</Filter>
    </ClCompile>
    <ClCompile Include="ContextCheat.cpp">
      <Filter>Source Files\Cheats</Filter>
    </ClCompile>
    <ClCompile Include="Cheats.cpp">
      <Filter>Source Files\Cheats</Filter>
    </ClCompile>
    <ClCompile Include="CustomDrawable.cpp">
      <Filter>Source Files</Filter>
    </ClCompile>
    <ClCompile Include="EffectsCheat.cpp">
      <Filter>Source Files\Cheats</Filter>
    </ClCompile>
    <ClCompile Include="TestMode.cpp">
      <Filter>Source Files\Testing</Filter>
    </ClCompile>
    <ClCompile Include="EffectEditorMode.cpp">
      <Filter>Source Files\EffectEditor</Filter>
    </ClCompile>
    <ClCompile Include="EffectEditorCheat.cpp">
      <Filter>Source Files\EffectEditor</Filter>
    </ClCompile>
    <ClCompile Include="DetouredDBPF.cpp">
      <Filter>Source Files\Debugging</Filter>
    </ClCompile>
    <ClCompile Include="DetouredResourceManager.cpp">
      <Filter>Source Files\Debugging</Filter>
    </ClCompile>
    <ClCompile Include="DetouredSwarmManager.cpp">
      <Filter>Source Files\EffectEditor</Filter>
    </ClCompile>
    <ClCompile Include="AddressCheat.cpp">
      <Filter>Source Files</Filter>
    </ClCompile>
    <ClCompile Include="ThumbnailCaptureScript.cpp">
      <Filter>Source Files</Filter>
    </ClCompile>
  </ItemGroup>
  <ItemGroup>
    <ResourceCompile Include="ModCreatorKit.rc">
      <Filter>Resource Files</Filter>
    </ResourceCompile>
  </ItemGroup>
</Project>